
Microsoft Visual Studio Solution File, Format Version 12.00
Project("{FAE04EC0-301F-11D3-BF4B-00C04F79EFBC}") = "FishAlmanac", "FishAlmanac\FishAlmanac.csproj", "{EA34D24E-DDF1-43E9-BA29-BA530EB308FF}"
EndProject
Global
	GlobalSection(SolutionConfigurationPlatforms) = preSolution
		Debug|Any CPU = Debug|Any CPU
		Release|Any CPU = Release|Any CPU
	EndGlobalSection
	GlobalSection(ProjectConfigurationPlatforms) = postSolution
		{EA34D24E-DDF1-43E9-BA29-BA530EB308FF}.Debug|Any CPU.ActiveCfg = Debug|Any CPU
		{EA34D24E-DDF1-43E9-BA29-BA530EB308FF}.Debug|Any CPU.Build.0 = Debug|Any CPU
		{EA34D24E-DDF1-43E9-BA29-BA530EB308FF}.Release|Any CPU.ActiveCfg = Release|Any CPU
		{EA34D24E-DDF1-43E9-BA29-BA530EB308FF}.Release|Any CPU.Build.0 = Release|Any CPU
	EndGlobalSection
EndGlobal
